
Microsoft Visual Studio Solution File, Format Version 12.00
# Visual Studio 15
VisualStudioVersion = 15.0.28307.2092
MinimumVisualStudioVersion = 10.0.40219.1
Project("{FAE04EC0-301F-11D3-BF4B-00C04F79EFBC}") = "seupet-project", "seupet-project\seupet-project.csproj", "{EDD61441-2E1C-492D-A06D-712288C5B396}"
EndProject
Global
	GlobalSection(SolutionConfigurationPlatforms) = preSolution
		Debug|Any CPU = Debug|Any CPU
		Release|Any CPU = Release|Any CPU
	EndGlobalSection
	GlobalSection(ProjectConfigurationPlatforms) = postSolution
		{EDD61441-2E1C-492D-A06D-712288C5B396}.Debug|Any CPU.ActiveCfg = Debug|Any CPU
		{EDD61441-2E1C-492D-A06D-712288C5B396}.Debug|Any CPU.Build.0 = Debug|Any CPU
		{EDD61441-2E1C-492D-A06D-712288C5B396}.Release|Any CPU.ActiveCfg = Release|Any CPU
		{EDD61441-2E1C-492D-A06D-712288C5B396}.Release|Any CPU.Build.0 = Release|Any CPU
	EndGlobalSection
	GlobalSection(SolutionProperties) = preSolution
		HideSolutionNode = FALSE
	EndGlobalSection
	GlobalSection(ExtensibilityGlobals) = postSolution
		SolutionGuid = {C31AFDE2-1E2A-4822-973C-38B82AA8D306}
	EndGlobalSection
EndGlobal
